{
  "pins" : [
    {
      "identity" : "datacache",
      "kind" : "remoteSourceControl",
      "location" : "https://github.com/huynguyencong/DataCache.git",
      "state" : {
        "revision" : "cdef39b1f7f539ff722e7954746b2876ef12178c",
        "version" : "1.7.0"
      }
    },
    {
      "identity" : "kingfisher",
      "kind" : "remoteSourceControl",
      "location" : "https://github.com/onevcat/Kingfisher",
      "state" : {
        "revision" : "add0a87ec4e31e2ca2a0b2085f0559201e4f5918",
        "version" : "7.10.1"
      }
    },
    {
      "identity" : "lottie-ios",
      "kind" : "remoteSourceControl",
      "location" : "https://github.com/airbnb/lottie-ios.git",
      "state" : {
        "revision" : "3f1202f254ad5d71f6c5b518ed2d6b9e2abe6969",
        "version" : "4.3.4"
      }
    }
  ],
  "version" : 2
}
