// !$*UTF8*$!
{
	archiveVersion = 1;
	classes = {
	};
	objectVersion = 56;
	objects = {

/* Begin PBXBuildFile section */
		6C194E922B402FF600D67E74 /* PolicyViewController.swift in Sources */ = {isa = PBXBuildFile; fileRef = 6C194E912B402FF600D67E74 /* PolicyViewController.swift */; };
		6C194E942B40301300D67E74 /* PolicyCell.swift in Sources */ = {isa = PBXBuildFile; fileRef = 6C194E932B40301300D67E74 /* PolicyCell.swift */; };
		6C329A602B3C0EA400BE29DD /* ProfileSettingsItemCell.swift in Sources */ = {isa = PBXBuildFile; fileRef = 6C329A5F2B3C0EA400BE29DD /* ProfileSettingsItemCell.swift */; };
		6C329A622B3C703600BE29DD /* ProfileHeaderCell.swift in Sources */ = {isa = PBXBuildFile; fileRef = 6C329A612B3C703600BE29DD /* ProfileHeaderCell.swift */; };
		6C329A642B3C706F00BE29DD /* ProfileLogOutCell.swift in Sources */ = {isa = PBXBuildFile; fileRef = 6C329A632B3C706F00BE29DD /* ProfileLogOutCell.swift */; };
		6C59970B2B3AFF62003B9878 /* ProfileInteractor.swift in Sources */ = {isa = PBXBuildFile; fileRef = 6C5997092B3AFF62003B9878 /* ProfileInteractor.swift */; };
		6C59970C2B3AFF62003B9878 /* ProfilePresenter.swift in Sources */ = {isa = PBXBuildFile; fileRef = 6C59970A2B3AFF62003B9878 /* ProfilePresenter.swift */; };
		86157FF22B39FF06000458BD /* HomeViewController.swift in Sources */ = {isa = PBXBuildFile; fileRef = 86157FF12B39FF06000458BD /* HomeViewController.swift */; };
		86157FF42B39FF14000458BD /* PopularViewController.swift in Sources */ = {isa = PBXBuildFile; fileRef = 86157FF32B39FF14000458BD /* PopularViewController.swift */; };
		86157FF62B39FF22000458BD /* MovieListViewController.swift in Sources */ = {isa = PBXBuildFile; fileRef = 86157FF52B39FF22000458BD /* MovieListViewController.swift */; };
		86157FF82B39FF2E000458BD /* SearchViewController.swift in Sources */ = {isa = PBXBuildFile; fileRef = 86157FF72B39FF2E000458BD /* SearchViewController.swift */; };
		86157FFA2B39FF35000458BD /* DetailViewController.swift in Sources */ = {isa = PBXBuildFile; fileRef = 86157FF92B39FF35000458BD /* DetailViewController.swift */; };
		86157FFC2B39FF3E000458BD /* ProfileViewController.swift in Sources */ = {isa = PBXBuildFile; fileRef = 86157FFB2B39FF3E000458BD /* ProfileViewController.swift */; };
		86157FFE2B39FF4B000458BD /* OnboardingViewController.swift in Sources */ = {isa = PBXBuildFile; fileRef = 86157FFD2B39FF4B000458BD /* OnboardingViewController.swift */; };
		861580002B39FF58000458BD /* WishlistViewController.swift in Sources */ = {isa = PBXBuildFile; fileRef = 86157FFF2B39FF58000458BD /* WishlistViewController.swift */; };
		861580022B39FF77000458BD /* APIManager.swift in Sources */ = {isa = PBXBuildFile; fileRef = 861580012B39FF77000458BD /* APIManager.swift */; };
		86778CDC2B3AE07800E548F1 /* CustomTabBarController.swift in Sources */ = {isa = PBXBuildFile; fileRef = 86778CDB2B3AE07800E548F1 /* CustomTabBarController.swift */; };
		86778CDE2B3AE08400E548F1 /* CustomTabBarItem.swift in Sources */ = {isa = PBXBuildFile; fileRef = 86778CDD2B3AE08400E548F1 /* CustomTabBarItem.swift */; };
		86778CE22B3AE0CB00E548F1 /* Montserrat-Regular.ttf in Resources */ = {isa = PBXBuildFile; fileRef = 86778CDF2B3AE0CB00E548F1 /* Montserrat-Regular.ttf */; };
		86778CE32B3AE0CB00E548F1 /* Montserrat-Medium.ttf in Resources */ = {isa = PBXBuildFile; fileRef = 86778CE02B3AE0CB00E548F1 /* Montserrat-Medium.ttf */; };
		86778CE42B3AE0CB00E548F1 /* Montserrat-SemiBold.ttf in Resources */ = {isa = PBXBuildFile; fileRef = 86778CE12B3AE0CB00E548F1 /* Montserrat-SemiBold.ttf */; };
		868166902B3969D4007FDF8F /* AppDelegate.swift in Sources */ = {isa = PBXBuildFile; fileRef = 8681668F2B3969D4007FDF8F /* AppDelegate.swift */; };
		868166922B3969D4007FDF8F /* SceneDelegate.swift in Sources */ = {isa = PBXBuildFile; fileRef = 868166912B3969D4007FDF8F /* SceneDelegate.swift */; };
		868166992B3969D5007FDF8F /* Assets.xcassets in Resources */ = {isa = PBXBuildFile; fileRef = 868166982B3969D5007FDF8F /* Assets.xcassets */; };
		8681669C2B3969D5007FDF8F /* LaunchScreen.storyboard in Resources */ = {isa = PBXBuildFile; fileRef = 8681669A2B3969D5007FDF8F /* LaunchScreen.storyboard */; };
		868166E52B3981BE007FDF8F /* UIColor+App.swift in Sources */ = {isa = PBXBuildFile; fileRef = 868166E42B3981BE007FDF8F /* UIColor+App.swift */; };
		868166E72B3981C7007FDF8F /* UIFont+App.swift in Sources */ = {isa = PBXBuildFile; fileRef = 868166E62B3981C7007FDF8F /* UIFont+App.swift */; };
		868166E92B3981D3007FDF8F /* UILabel+App.swift in Sources */ = {isa = PBXBuildFile; fileRef = 868166E82B3981D3007FDF8F /* UILabel+App.swift */; };
/* End PBXBuildFile section */

/* Begin PBXFileReference section */
		6C194E912B402FF600D67E74 /* PolicyViewController.swift */ = {isa = PBXFileReference; lastKnownFileType = sourcecode.swift; path = PolicyViewController.swift; sourceTree = "<group>"; };
		6C194E932B40301300D67E74 /* PolicyCell.swift */ = {isa = PBXFileReference; lastKnownFileType = sourcecode.swift; path = PolicyCell.swift; sourceTree = "<group>"; };
		6C329A5F2B3C0EA400BE29DD /* ProfileSettingsItemCell.swift */ = {isa = PBXFileReference; lastKnownFileType = sourcecode.swift; path = ProfileSettingsItemCell.swift; sourceTree = "<group>"; };
		6C329A612B3C703600BE29DD /* ProfileHeaderCell.swift */ = {isa = PBXFileReference; lastKnownFileType = sourcecode.swift; path = ProfileHeaderCell.swift; sourceTree = "<group>"; };
		6C329A632B3C706F00BE29DD /* ProfileLogOutCell.swift */ = {isa = PBXFileReference; lastKnownFileType = sourcecode.swift; path = ProfileLogOutCell.swift; sourceTree = "<group>"; };
		6C5997092B3AFF62003B9878 /* ProfileInteractor.swift */ = {isa = PBXFileReference; fileEncoding = 4; lastKnownFileType = sourcecode.swift; path = ProfileInteractor.swift; sourceTree = "<group>"; };
		6C59970A2B3AFF62003B9878 /* ProfilePresenter.swift */ = {isa = PBXFileReference; fileEncoding = 4; lastKnownFileType = sourcecode.swift; path = ProfilePresenter.swift; sourceTree = "<group>"; };
		86157FF12B39FF06000458BD /* HomeViewController.swift */ = {isa = PBXFileReference; lastKnownFileType = sourcecode.swift; path = HomeViewController.swift; sourceTree = "<group>"; };
		86157FF32B39FF14000458BD /* PopularViewController.swift */ = {isa = PBXFileReference; lastKnownFileType = sourcecode.swift; path = PopularViewController.swift; sourceTree = "<group>"; };
		86157FF52B39FF22000458BD /* MovieListViewController.swift */ = {isa = PBXFileReference; lastKnownFileType = sourcecode.swift; path = MovieListViewController.swift; sourceTree = "<group>"; };
		86157FF72B39FF2E000458BD /* SearchViewController.swift */ = {isa = PBXFileReference; lastKnownFileType = sourcecode.swift; path = SearchViewController.swift; sourceTree = "<group>"; };
		86157FF92B39FF35000458BD /* DetailViewController.swift */ = {isa = PBXFileReference; lastKnownFileType = sourcecode.swift; path = DetailViewController.swift; sourceTree = "<group>"; };
		86157FFB2B39FF3E000458BD /* ProfileViewController.swift */ = {isa = PBXFileReference; lastKnownFileType = sourcecode.swift; path = ProfileViewController.swift; sourceTree = "<group>"; };
		86157FFD2B39FF4B000458BD /* OnboardingViewController.swift */ = {isa = PBXFileReference; lastKnownFileType = sourcecode.swift; path = OnboardingViewController.swift; sourceTree = "<group>"; };
		86157FFF2B39FF58000458BD /* WishlistViewController.swift */ = {isa = PBXFileReference; lastKnownFileType = sourcecode.swift; path = WishlistViewController.swift; sourceTree = "<group>"; };
		861580012B39FF77000458BD /* APIManager.swift */ = {isa = PBXFileReference; lastKnownFileType = sourcecode.swift; path = APIManager.swift; sourceTree = "<group>"; };
		86778CDB2B3AE07800E548F1 /* CustomTabBarController.swift */ = {isa = PBXFileReference; lastKnownFileType = sourcecode.swift; path = CustomTabBarController.swift; sourceTree = "<group>"; };
		86778CDD2B3AE08400E548F1 /* CustomTabBarItem.swift */ = {isa = PBXFileReference; lastKnownFileType = sourcecode.swift; path = CustomTabBarItem.swift; sourceTree = "<group>"; };
		86778CDF2B3AE0CB00E548F1 /* Montserrat-Regular.ttf */ = {isa = PBXFileReference; lastKnownFileType = file; path = "Montserrat-Regular.ttf"; sourceTree = "<group>"; };
		86778CE02B3AE0CB00E548F1 /* Montserrat-Medium.ttf */ = {isa = PBXFileReference; lastKnownFileType = file; path = "Montserrat-Medium.ttf"; sourceTree = "<group>"; };
		86778CE12B3AE0CB00E548F1 /* Montserrat-SemiBold.ttf */ = {isa = PBXFileReference; lastKnownFileType = file; path = "Montserrat-SemiBold.ttf"; sourceTree = "<group>"; };
		8681668C2B3969D4007FDF8F /* Movie for todayApp.app */ = {isa = PBXFileReference; explicitFileType = wrapper.application; includeInIndex = 0; path = "Movie for todayApp.app"; sourceTree = BUILT_PRODUCTS_DIR; };
		8681668F2B3969D4007FDF8F /* AppDelegate.swift */ = {isa = PBXFileReference; lastKnownFileType = sourcecode.swift; path = AppDelegate.swift; sourceTree = "<group>"; };
		868166912B3969D4007FDF8F /* SceneDelegate.swift */ = {isa = PBXFileReference; lastKnownFileType = sourcecode.swift; path = SceneDelegate.swift; sourceTree = "<group>"; };
		868166982B3969D5007FDF8F /* Assets.xcassets */ = {isa = PBXFileReference; lastKnownFileType = folder.assetcatalog; path = Assets.xcassets; sourceTree = "<group>"; };
		8681669B2B3969D5007FDF8F /* Base */ = {isa = PBXFileReference; lastKnownFileType = file.storyboard; name = Base; path = Base.lproj/LaunchScreen.storyboard; sourceTree = "<group>"; };
		8681669D2B3969D5007FDF8F /* Info.plist */ = {isa = PBXFileReference; lastKnownFileType = text.plist.xml; path = Info.plist; sourceTree = "<group>"; };
		868166E42B3981BE007FDF8F /* UIColor+App.swift */ = {isa = PBXFileReference; lastKnownFileType = sourcecode.swift; path = "UIColor+App.swift"; sourceTree = "<group>"; };
		868166E62B3981C7007FDF8F /* UIFont+App.swift */ = {isa = PBXFileReference; lastKnownFileType = sourcecode.swift; path = "UIFont+App.swift"; sourceTree = "<group>"; };
		868166E82B3981D3007FDF8F /* UILabel+App.swift */ = {isa = PBXFileReference; lastKnownFileType = sourcecode.swift; path = "UILabel+App.swift"; sourceTree = "<group>"; };
/* End PBXFileReference section */

/* Begin PBXFrameworksBuildPhase section */
		868166892B3969D4007FDF8F /* Frameworks */ = {
			isa = PBXFrameworksBuildPhase;
			buildActionMask = 2147483647;
			files = (
			);
			runOnlyForDeploymentPostprocessing = 0;
		};
/* End PBXFrameworksBuildPhase section */

/* Begin PBXGroup section */
		6C194E902B402F9D00D67E74 /* Policy */ = {
			isa = PBXGroup;
			children = (
				6C194E912B402FF600D67E74 /* PolicyViewController.swift */,
				6C194E932B40301300D67E74 /* PolicyCell.swift */,
			);
			path = Policy;
			sourceTree = "<group>";
		};
		86157FF02B398E99000458BD /* Managers */ = {
			isa = PBXGroup;
			children = (
				861580012B39FF77000458BD /* APIManager.swift */,
			);
			path = Managers;
			sourceTree = "<group>";
		};
		86778CDA2B3AE06100E548F1 /* NavigationModule */ = {
			isa = PBXGroup;
			children = (
				86778CDB2B3AE07800E548F1 /* CustomTabBarController.swift */,
				86778CDD2B3AE08400E548F1 /* CustomTabBarItem.swift */,
			);
			path = NavigationModule;
			sourceTree = "<group>";
		};
		868166832B3969D4007FDF8F = {
			isa = PBXGroup;
			children = (
				8681668E2B3969D4007FDF8F /* Movie for todayApp */,
				8681668D2B3969D4007FDF8F /* Products */,
			);
			sourceTree = "<group>";
		};
		8681668D2B3969D4007FDF8F /* Products */ = {
			isa = PBXGroup;
			children = (
				8681668C2B3969D4007FDF8F /* Movie for todayApp.app */,
			);
			name = Products;
			sourceTree = "<group>";
		};
		8681668E2B3969D4007FDF8F /* Movie for todayApp */ = {
			isa = PBXGroup;
			children = (
				868166D52B398144007FDF8F /* Application */,
				86157FF02B398E99000458BD /* Managers */,
				868166D62B39814D007FDF8F /* Models */,
				868166D72B398153007FDF8F /* Scenes */,
				868166E22B39818B007FDF8F /* UIConstants */,
				86778CDA2B3AE06100E548F1 /* NavigationModule */,
				868166E02B398167007FDF8F /* SupportingFiles */,
			);
			path = "Movie for todayApp";
			sourceTree = "<group>";
		};
		868166D52B398144007FDF8F /* Application */ = {
			isa = PBXGroup;
			children = (
				8681668F2B3969D4007FDF8F /* AppDelegate.swift */,
				868166912B3969D4007FDF8F /* SceneDelegate.swift */,
			);
			path = Application;
			sourceTree = "<group>";
		};
		868166D62B39814D007FDF8F /* Models */ = {
			isa = PBXGroup;
			children = (
			);
			path = Models;
			sourceTree = "<group>";
		};
		868166D72B398153007FDF8F /* Scenes */ = {
			isa = PBXGroup;
			children = (
				868166D82B398153007FDF8F /* Home */,
				868166DB2B398153007FDF8F /* Search */,
				868166DC2B398153007FDF8F /* Detail */,
				868166DD2B398153007FDF8F /* Profile */,
				868166DE2B398153007FDF8F /* Onboarding */,
				868166DF2B398153007FDF8F /* Wishlist */,
			);
			path = Scenes;
			sourceTree = "<group>";
		};
		868166D82B398153007FDF8F /* Home */ = {
			isa = PBXGroup;
			children = (
				86157FF12B39FF06000458BD /* HomeViewController.swift */,
				868166D92B398153007FDF8F /* Popular */,
				868166DA2B398153007FDF8F /* MovieList */,
			);
			path = Home;
			sourceTree = "<group>";
		};
		868166D92B398153007FDF8F /* Popular */ = {
			isa = PBXGroup;
			children = (
				86157FF32B39FF14000458BD /* PopularViewController.swift */,
			);
			path = Popular;
			sourceTree = "<group>";
		};
		868166DA2B398153007FDF8F /* MovieList */ = {
			isa = PBXGroup;
			children = (
				86157FF52B39FF22000458BD /* MovieListViewController.swift */,
			);
			path = MovieList;
			sourceTree = "<group>";
		};
		868166DB2B398153007FDF8F /* Search */ = {
			isa = PBXGroup;
			children = (
				86157FF72B39FF2E000458BD /* SearchViewController.swift */,
			);
			path = Search;
			sourceTree = "<group>";
		};
		868166DC2B398153007FDF8F /* Detail */ = {
			isa = PBXGroup;
			children = (
				86157FF92B39FF35000458BD /* DetailViewController.swift */,
			);
			path = Detail;
			sourceTree = "<group>";
		};
		868166DD2B398153007FDF8F /* Profile */ = {
			isa = PBXGroup;
			children = (
				6C5997092B3AFF62003B9878 /* ProfileInteractor.swift */,
				6C59970A2B3AFF62003B9878 /* ProfilePresenter.swift */,
				86157FFB2B39FF3E000458BD /* ProfileViewController.swift */,
				6C194E902B402F9D00D67E74 /* Policy */,
				6C329A612B3C703600BE29DD /* ProfileHeaderCell.swift */,
				6C329A5F2B3C0EA400BE29DD /* ProfileSettingsItemCell.swift */,
				6C329A632B3C706F00BE29DD /* ProfileLogOutCell.swift */,
			);
			path = Profile;
			sourceTree = "<group>";
		};
		868166DE2B398153007FDF8F /* Onboarding */ = {
			isa = PBXGroup;
			children = (
				86157FFD2B39FF4B000458BD /* OnboardingViewController.swift */,
			);
			path = Onboarding;
			sourceTree = "<group>";
		};
		868166DF2B398153007FDF8F /* Wishlist */ = {
			isa = PBXGroup;
			children = (
				86157FFF2B39FF58000458BD /* WishlistViewController.swift */,
			);
			path = Wishlist;
			sourceTree = "<group>";
		};
		868166E02B398167007FDF8F /* SupportingFiles */ = {
			isa = PBXGroup;
			children = (
				868166E12B398167007FDF8F /* Fonts */,
				868166982B3969D5007FDF8F /* Assets.xcassets */,
				8681669A2B3969D5007FDF8F /* LaunchScreen.storyboard */,
				8681669D2B3969D5007FDF8F /* Info.plist */,
			);
			path = SupportingFiles;
			sourceTree = "<group>";
		};
		868166E12B398167007FDF8F /* Fonts */ = {
			isa = PBXGroup;
			children = (
				86778CE02B3AE0CB00E548F1 /* Montserrat-Medium.ttf */,
				86778CDF2B3AE0CB00E548F1 /* Montserrat-Regular.ttf */,
				86778CE12B3AE0CB00E548F1 /* Montserrat-SemiBold.ttf */,
			);
			path = Fonts;
			sourceTree = "<group>";
		};
		868166E22B39818B007FDF8F /* UIConstants */ = {
			isa = PBXGroup;
			children = (
				868166E42B3981BE007FDF8F /* UIColor+App.swift */,
				868166E62B3981C7007FDF8F /* UIFont+App.swift */,
				868166E82B3981D3007FDF8F /* UILabel+App.swift */,
			);
			path = UIConstants;
			sourceTree = "<group>";
		};
/* End PBXGroup section */

/* Begin PBXNativeTarget section */
		8681668B2B3969D4007FDF8F /* Movie for todayApp */ = {
			isa = PBXNativeTarget;
			buildConfigurationList = 868166A02B3969D5007FDF8F /* Build configuration list for PBXNativeTarget "Movie for todayApp" */;
			buildPhases = (
				868166882B3969D4007FDF8F /* Sources */,
				868166892B3969D4007FDF8F /* Frameworks */,
				8681668A2B3969D4007FDF8F /* Resources */,
			);
			buildRules = (
			);
			dependencies = (
			);
			name = "Movie for todayApp";
			productName = "Movie for todayApp";
			productReference = 8681668C2B3969D4007FDF8F /* Movie for todayApp.app */;
			productType = "com.apple.product-type.application";
		};
/* End PBXNativeTarget section */

/* Begin PBXProject section */
		868166842B3969D4007FDF8F /* Project object */ = {
			isa = PBXProject;
			attributes = {
				BuildIndependentTargetsInParallel = 1;
				LastSwiftUpdateCheck = 1430;
				LastUpgradeCheck = 1430;
				TargetAttributes = {
					8681668B2B3969D4007FDF8F = {
						CreatedOnToolsVersion = 14.3.1;
					};
				};
			};
			buildConfigurationList = 868166872B3969D4007FDF8F /* Build configuration list for PBXProject "Movie for todayApp" */;
			compatibilityVersion = "Xcode 14.0";
			developmentRegion = en;
			hasScannedForEncodings = 0;
			knownRegions = (
				en,
				Base,
			);
			mainGroup = 868166832B3969D4007FDF8F;
			productRefGroup = 8681668D2B3969D4007FDF8F /* Products */;
			projectDirPath = "";
			projectRoot = "";
			targets = (
				8681668B2B3969D4007FDF8F /* Movie for todayApp */,
			);
		};
/* End PBXProject section */

/* Begin PBXResourcesBuildPhase section */
		8681668A2B3969D4007FDF8F /* Resources */ = {
			isa = PBXResourcesBuildPhase;
			buildActionMask = 2147483647;
			files = (
				86778CE22B3AE0CB00E548F1 /* Montserrat-Regular.ttf in Resources */,
				8681669C2B3969D5007FDF8F /* LaunchScreen.storyboard in Resources */,
				86778CE32B3AE0CB00E548F1 /* Montserrat-Medium.ttf in Resources */,
				86778CE42B3AE0CB00E548F1 /* Montserrat-SemiBold.ttf in Resources */,
				868166992B3969D5007FDF8F /* Assets.xcassets in Resources */,
			);
			runOnlyForDeploymentPostprocessing = 0;
		};
/* End PBXResourcesBuildPhase section */

/* Begin PBXSourcesBuildPhase section */
		868166882B3969D4007FDF8F /* Sources */ = {
			isa = PBXSourcesBuildPhase;
			buildActionMask = 2147483647;
			files = (
				6C329A642B3C706F00BE29DD /* ProfileLogOutCell.swift in Sources */,
				6C329A602B3C0EA400BE29DD /* ProfileSettingsItemCell.swift in Sources */,
				868166E72B3981C7007FDF8F /* UIFont+App.swift in Sources */,
				868166902B3969D4007FDF8F /* AppDelegate.swift in Sources */,
				6C59970B2B3AFF62003B9878 /* ProfileInteractor.swift in Sources */,
				6C194E942B40301300D67E74 /* PolicyCell.swift in Sources */,
				86778CDC2B3AE07800E548F1 /* CustomTabBarController.swift in Sources */,
				868166922B3969D4007FDF8F /* SceneDelegate.swift in Sources */,
				86157FF82B39FF2E000458BD /* SearchViewController.swift in Sources */,
				861580002B39FF58000458BD /* WishlistViewController.swift in Sources */,
				86157FF62B39FF22000458BD /* MovieListViewController.swift in Sources */,
				86778CDE2B3AE08400E548F1 /* CustomTabBarItem.swift in Sources */,
				861580022B39FF77000458BD /* APIManager.swift in Sources */,
				868166E52B3981BE007FDF8F /* UIColor+App.swift in Sources */,
				86157FFC2B39FF3E000458BD /* ProfileViewController.swift in Sources */,
				86157FFE2B39FF4B000458BD /* OnboardingViewController.swift in Sources */,
				86157FF42B39FF14000458BD /* PopularViewController.swift in Sources */,
				6C59970C2B3AFF62003B9878 /* ProfilePresenter.swift in Sources */,
				6C329A622B3C703600BE29DD /* ProfileHeaderCell.swift in Sources */,
				86157FFA2B39FF35000458BD /* DetailViewController.swift in Sources */,
				868166E92B3981D3007FDF8F /* UILabel+App.swift in Sources */,
				6C194E922B402FF600D67E74 /* PolicyViewController.swift in Sources */,
				86157FF22B39FF06000458BD /* HomeViewController.swift in Sources */,
			);
			runOnlyForDeploymentPostprocessing = 0;
		};
/* End PBXSourcesBuildPhase section */

/* Begin PBXVariantGroup section */
		8681669A2B3969D5007FDF8F /* LaunchScreen.storyboard */ = {
			isa = PBXVariantGroup;
			children = (
				8681669B2B3969D5007FDF8F /* Base */,
			);
			name = LaunchScreen.storyboard;
			sourceTree = "<group>";
		};
/* End PBXVariantGroup section */

/* Begin XCBuildConfiguration section */
		8681669E2B3969D5007FDF8F /* Debug */ = {
			isa = XCBuildConfiguration;
			buildSettings = {
				ALWAYS_SEARCH_USER_PATHS = NO;
				CLANG_ANALYZER_NONNULL = YES;
				CLANG_ANALYZER_NUMBER_OBJECT_CONVERSION = YES_AGGRESSIVE;
				CLANG_CXX_LANGUAGE_STANDARD = "gnu++20";
				CLANG_ENABLE_MODULES = YES;
				CLANG_ENABLE_OBJC_ARC = YES;
				CLANG_ENABLE_OBJC_WEAK = YES;
				CLANG_WARN_BLOCK_CAPTURE_AUTORELEASING = YES;
				CLANG_WARN_BOOL_CONVERSION = YES;
				CLANG_WARN_COMMA = YES;
				CLANG_WARN_CONSTANT_CONVERSION = YES;
				CLANG_WARN_DEPRECATED_OBJC_IMPLEMENTATIONS = YES;
				CLANG_WARN_DIRECT_OBJC_ISA_USAGE = YES_ERROR;
				CLANG_WARN_DOCUMENTATION_COMMENTS = YES;
				CLANG_WARN_EMPTY_BODY = YES;
				CLANG_WARN_ENUM_CONVERSION = YES;
				CLANG_WARN_INFINITE_RECURSION = YES;
				CLANG_WARN_INT_CONVERSION = YES;
				CLANG_WARN_NON_LITERAL_NULL_CONVERSION = YES;
				CLANG_WARN_OBJC_IMPLICIT_RETAIN_SELF = YES;
				CLANG_WARN_OBJC_LITERAL_CONVERSION = YES;
				CLANG_WARN_OBJC_ROOT_CLASS = YES_ERROR;
				CLANG_WARN_QUOTED_INCLUDE_IN_FRAMEWORK_HEADER = YES;
				CLANG_WARN_RANGE_LOOP_ANALYSIS = YES;
				CLANG_WARN_STRICT_PROTOTYPES = YES;
				CLANG_WARN_SUSPICIOUS_MOVE = YES;
				CLANG_WARN_UNGUARDED_AVAILABILITY = YES_AGGRESSIVE;
				CLANG_WARN_UNREACHABLE_CODE = YES;
				CLANG_WARN__DUPLICATE_METHOD_MATCH = YES;
				COPY_PHASE_STRIP = NO;
				DEBUG_INFORMATION_FORMAT = dwarf;
				ENABLE_STRICT_OBJC_MSGSEND = YES;
				ENABLE_TESTABILITY = YES;
				GCC_C_LANGUAGE_STANDARD = gnu11;
				GCC_DYNAMIC_NO_PIC = NO;
				GCC_NO_COMMON_BLOCKS = YES;
				GCC_OPTIMIZATION_LEVEL = 0;
				GCC_PREPROCESSOR_DEFINITIONS = (
					"DEBUG=1",
					"$(inherited)",
				);
				GCC_WARN_64_TO_32_BIT_CONVERSION = YES;
				GCC_WARN_ABOUT_RETURN_TYPE = YES_ERROR;
				GCC_WARN_UNDECLARED_SELECTOR = YES;
				GCC_WARN_UNINITIALIZED_AUTOS = YES_AGGRESSIVE;
				GCC_WARN_UNUSED_FUNCTION = YES;
				GCC_WARN_UNUSED_VARIABLE = YES;
				IPHONEOS_DEPLOYMENT_TARGET = 16.4;
				MTL_ENABLE_DEBUG_INFO = INCLUDE_SOURCE;
				MTL_FAST_MATH = YES;
				ONLY_ACTIVE_ARCH = YES;
				SDKROOT = iphoneos;
				SWIFT_ACTIVE_COMPILATION_CONDITIONS = DEBUG;
				SWIFT_OPTIMIZATION_LEVEL = "-Onone";
			};
			name = Debug;
		};
		8681669F2B3969D5007FDF8F /* Release */ = {
			isa = XCBuildConfiguration;
			buildSettings = {
				ALWAYS_SEARCH_USER_PATHS = NO;
				CLANG_ANALYZER_NONNULL = YES;
				CLANG_ANALYZER_NUMBER_OBJECT_CONVERSION = YES_AGGRESSIVE;
				CLANG_CXX_LANGUAGE_STANDARD = "gnu++20";
				CLANG_ENABLE_MODULES = YES;
				CLANG_ENABLE_OBJC_ARC = YES;
				CLANG_ENABLE_OBJC_WEAK = YES;
				CLANG_WARN_BLOCK_CAPTURE_AUTORELEASING = YES;
				CLANG_WARN_BOOL_CONVERSION = YES;
				CLANG_WARN_COMMA = YES;
				CLANG_WARN_CONSTANT_CONVERSION = YES;
				CLANG_WARN_DEPRECATED_OBJC_IMPLEMENTATIONS = YES;
				CLANG_WARN_DIRECT_OBJC_ISA_USAGE = YES_ERROR;
				CLANG_WARN_DOCUMENTATION_COMMENTS = YES;
				CLANG_WARN_EMPTY_BODY = YES;
				CLANG_WARN_ENUM_CONVERSION = YES;
				CLANG_WARN_INFINITE_RECURSION = YES;
				CLANG_WARN_INT_CONVERSION = YES;
				CLANG_WARN_NON_LITERAL_NULL_CONVERSION = YES;
				CLANG_WARN_OBJC_IMPLICIT_RETAIN_SELF = YES;
				CLANG_WARN_OBJC_LITERAL_CONVERSION = YES;
				CLANG_WARN_OBJC_ROOT_CLASS = YES_ERROR;
				CLANG_WARN_QUOTED_INCLUDE_IN_FRAMEWORK_HEADER = YES;
				CLANG_WARN_RANGE_LOOP_ANALYSIS = YES;
				CLANG_WARN_STRICT_PROTOTYPES = YES;
				CLANG_WARN_SUSPICIOUS_MOVE = YES;
				CLANG_WARN_UNGUARDED_AVAILABILITY = YES_AGGRESSIVE;
				CLANG_WARN_UNREACHABLE_CODE = YES;
				CLANG_WARN__DUPLICATE_METHOD_MATCH = YES;
				COPY_PHASE_STRIP = NO;
				DEBUG_INFORMATION_FORMAT = "dwarf-with-dsym";
				ENABLE_NS_ASSERTIONS = NO;
				ENABLE_STRICT_OBJC_MSGSEND = YES;
				GCC_C_LANGUAGE_STANDARD = gnu11;
				GCC_NO_COMMON_BLOCKS = YES;
				GCC_WARN_64_TO_32_BIT_CONVERSION = YES;
				GCC_WARN_ABOUT_RETURN_TYPE = YES_ERROR;
				GCC_WARN_UNDECLARED_SELECTOR = YES;
				GCC_WARN_UNINITIALIZED_AUTOS = YES_AGGRESSIVE;
				GCC_WARN_UNUSED_FUNCTION = YES;
				GCC_WARN_UNUSED_VARIABLE = YES;
				IPHONEOS_DEPLOYMENT_TARGET = 16.4;
				MTL_ENABLE_DEBUG_INFO = NO;
				MTL_FAST_MATH = YES;
				SDKROOT = iphoneos;
				SWIFT_COMPILATION_MODE = wholemodule;
				SWIFT_OPTIMIZATION_LEVEL = "-O";
				VALIDATE_PRODUCT = YES;
			};
			name = Release;
		};
		868166A12B3969D5007FDF8F /* Debug */ = {
			isa = XCBuildConfiguration;
			buildSettings = {
				ASSETCATALOG_COMPILER_APPICON_NAME = AppIcon;
				ASSETCATALOG_COMPILER_GLOBAL_ACCENT_COLOR_NAME = AccentColor;
				CODE_SIGN_STYLE = Automatic;
				CURRENT_PROJECT_VERSION = 1;
				DEVELOPMENT_TEAM = 5MT2PBNQ85;
				GENERATE_INFOPLIST_FILE = YES;
				INFOPLIST_FILE = "Movie for todayApp/SupportingFiles/Info.plist";
				INFOPLIST_KEY_UIApplicationSupportsIndirectInputEvents = YES;
				INFOPLIST_KEY_UILaunchStoryboardName = LaunchScreen;
				INFOPLIST_KEY_UISupportedInterfaceOrientations_iPad = "UIInterfaceOrientationPortrait UIInterfaceOrientationPortraitUpsideDown UIInterfaceOrientationLandscapeLeft UIInterfaceOrientationLandscapeRight";
				INFOPLIST_KEY_UISupportedInterfaceOrientations_iPhone = "UIInterfaceOrientationPortrait UIInterfaceOrientationLandscapeLeft UIInterfaceOrientationLandscapeRight";
				IPHONEOS_DEPLOYMENT_TARGET = 15.0;
				LD_RUNPATH_SEARCH_PATHS = (
					"$(inherited)",
					"@executable_path/Frameworks",
				);
				MARKETING_VERSION = 1.0;
				PRODUCT_BUNDLE_IDENTIFIER = "com.zcredi.Movie-for-todayApp";
				PRODUCT_NAME = "$(TARGET_NAME)";
				SUPPORTED_PLATFORMS = "iphoneos iphonesimulator";
				SUPPORTS_MACCATALYST = NO;
				SUPPORTS_MAC_DESIGNED_FOR_IPHONE_IPAD = NO;
				SWIFT_EMIT_LOC_STRINGS = YES;
				SWIFT_VERSION = 5.0;
				TARGETED_DEVICE_FAMILY = 1;
			};
			name = Debug;
		};
		868166A22B3969D5007FDF8F /* Release */ = {
			isa = XCBuildConfiguration;
			buildSettings = {
				ASSETCATALOG_COMPILER_APPICON_NAME = AppIcon;
				ASSETCATALOG_COMPILER_GLOBAL_ACCENT_COLOR_NAME = AccentColor;
				CODE_SIGN_STYLE = Automatic;
				CURRENT_PROJECT_VERSION = 1;
				DEVELOPMENT_TEAM = 5MT2PBNQ85;
				GENERATE_INFOPLIST_FILE = YES;
				INFOPLIST_FILE = "Movie for todayApp/SupportingFiles/Info.plist";
				INFOPLIST_KEY_UIApplicationSupportsIndirectInputEvents = YES;
				INFOPLIST_KEY_UILaunchStoryboardName = LaunchScreen;
				INFOPLIST_KEY_UISupportedInterfaceOrientations_iPad = "UIInterfaceOrientationPortrait UIInterfaceOrientationPortraitUpsideDown UIInterfaceOrientationLandscapeLeft UIInterfaceOrientationLandscapeRight";
				INFOPLIST_KEY_UISupportedInterfaceOrientations_iPhone = "UIInterfaceOrientationPortrait UIInterfaceOrientationLandscapeLeft UIInterfaceOrientationLandscapeRight";
				IPHONEOS_DEPLOYMENT_TARGET = 15.0;
				LD_RUNPATH_SEARCH_PATHS = (
					"$(inherited)",
					"@executable_path/Frameworks",
				);
				MARKETING_VERSION = 1.0;
				PRODUCT_BUNDLE_IDENTIFIER = "com.zcredi.Movie-for-todayApp";
				PRODUCT_NAME = "$(TARGET_NAME)";
				SUPPORTED_PLATFORMS = "iphoneos iphonesimulator";
				SUPPORTS_MACCATALYST = NO;
				SUPPORTS_MAC_DESIGNED_FOR_IPHONE_IPAD = NO;
				SWIFT_EMIT_LOC_STRINGS = YES;
				SWIFT_VERSION = 5.0;
				TARGETED_DEVICE_FAMILY = 1;
			};
			name = Release;
		};
/* End XCBuildConfiguration section */

/* Begin XCConfigurationList section */
		868166872B3969D4007FDF8F /* Build configuration list for PBXProject "Movie for todayApp" */ = {
			isa = XCConfigurationList;
			buildConfigurations = (
				8681669E2B3969D5007FDF8F /* Debug */,
				8681669F2B3969D5007FDF8F /* Release */,
			);
			defaultConfigurationIsVisible = 0;
			defaultConfigurationName = Release;
		};
		868166A02B3969D5007FDF8F /* Build configuration list for PBXNativeTarget "Movie for todayApp" */ = {
			isa = XCConfigurationList;
			buildConfigurations = (
				868166A12B3969D5007FDF8F /* Debug */,
				868166A22B3969D5007FDF8F /* Release */,
			);
			defaultConfigurationIsVisible = 0;
			defaultConfigurationName = Release;
		};
/* End XCConfigurationList section */
	};
	rootObject = 868166842B3969D4007FDF8F /* Project object */;
}
